
Microsoft Visual Studio Solution File, Format Version 12.00
# Visual Studio Version 17
VisualStudioVersion = 17.1.32421.90
MinimumVisualStudioVersion = 10.0.40219.1
Project("{FAE04EC0-301F-11D3-BF4B-00C04F79EFBC}") = "RestClient", "RestClient\RestClient.csproj", "{5BEDA2C3-79AA-4106-BBF0-50CDA84F4B47}"
EndProject
Global
	GlobalSection(SolutionConfigurationPlatforms) = preSolution
		Debug|Any CPU = Debug|Any CPU
		Release|Any CPU = Release|Any CPU
	EndGlobalSection
	GlobalSection(ProjectConfigurationPlatforms) = postSolution
		{5BEDA2C3-79AA-4106-BBF0-50CDA84F4B47}.Debug|Any CPU.ActiveCfg = Debug|Any CPU
		{5BEDA2C3-79AA-4106-BBF0-50CDA84F4B47}.Debug|Any CPU.Build.0 = Debug|Any CPU
		{5BEDA2C3-79AA-4106-BBF0-50CDA84F4B47}.Release|Any CPU.ActiveCfg = Release|Any CPU
		{5BEDA2C3-79AA-4106-BBF0-50CDA84F4B47}.Release|Any CPU.Build.0 = Release|Any CPU
	EndGlobalSection
	GlobalSection(SolutionProperties) = preSolution
		HideSolutionNode = FALSE
	EndGlobalSection
	GlobalSection(ExtensibilityGlobals) = postSolution
		SolutionGuid = {19046046-1FEC-47A6-BA6B-B86FBB369A9A}
	EndGlobalSection
EndGlobal
